<?xml version="1.0" encoding="utf-8"?>
<Project ToolsVersion="4.0" xmlns="http://schemas.microsoft.com/developer/msbuild/2003">
  <ItemGroup>
    <ClCompile Include="Core\Source\dllmain.cpp" />
    <ClCompile Include="core\source\packman.cpp" />
  </ItemGroup>
  <ItemGroup>
    <ClInclude Include="Core\Linkers\stdafx.h" />
    <ClInclude Include="core\linkers\packman.h" />
  </ItemGroup>
</Project>